{
  "meteor": {},
  "dependencies": {
    "basePackages": {
      "zf5": {}
    },
    "packages": {
      "zf5": {
        "git": "https://github.com/juliancwirko/meteor-zf5.git",
        "tag": "v0.0.7",
        "commit": "eb340d279fc2657f8d006e91c74039e80c4029fc"
      },
      "scss": {
        "git": "https://github.com/fourseven/meteor-scss.git",
        "tag": "v0.9.3",
        "commit": "185f3b2787fb85e653f7b7bf603d1493ed14943d"
      }
    }
  }
}
